
Microsoft Visual Studio Solution File, Format Version 12.00
# Visual Studio Version 16
VisualStudioVersion = 16.0.30621.155
MinimumVisualStudioVersion = 10.0.40219.1
Project("{2150E333-8FDC-42A3-9474-1A3956D46DE8}") = "Services", "Services", "{DA54DA4D-B597-4C5E-84EA-BCF05A851C06}"
EndProject
Project("{9A19103F-16F7-4668-BE54-9A1E7A4F7556}") = "ElektaAppointment.Services.AppointmentCatalog", "ElektaAppointment.Services.AppointmentCatalog\ElektaAppointment.Services.AppointmentCatalog.csproj", "{C3AC6D1E-99D0-44DD-A6EB-811CEE5ADCD1}"
EndProject
Project("{9A19103F-16F7-4668-BE54-9A1E7A4F7556}") = "ElektaAppointment.Services.Appointment", "ElektaAppointment.Services.Appointment\ElektaAppointment.Services.Appointment.csproj", "{C5C70CA9-E3BC-425B-961F-102B8C7B51F8}"
EndProject
Global
	GlobalSection(SolutionConfigurationPlatforms) = preSolution
		Debug|Any CPU = Debug|Any CPU
		Release|Any CPU = Release|Any CPU
	EndGlobalSection
	GlobalSection(ProjectConfigurationPlatforms) = postSolution
		{C3AC6D1E-99D0-44DD-A6EB-811CEE5ADCD1}.Debug|Any CPU.ActiveCfg = Debug|Any CPU
		{C3AC6D1E-99D0-44DD-A6EB-811CEE5ADCD1}.Debug|Any CPU.Build.0 = Debug|Any CPU
		{C3AC6D1E-99D0-44DD-A6EB-811CEE5ADCD1}.Release|Any CPU.ActiveCfg = Release|Any CPU
		{C3AC6D1E-99D0-44DD-A6EB-811CEE5ADCD1}.Release|Any CPU.Build.0 = Release|Any CPU
		{C5C70CA9-E3BC-425B-961F-102B8C7B51F8}.Debug|Any CPU.ActiveCfg = Debug|Any CPU
		{C5C70CA9-E3BC-425B-961F-102B8C7B51F8}.Debug|Any CPU.Build.0 = Debug|Any CPU
		{C5C70CA9-E3BC-425B-961F-102B8C7B51F8}.Release|Any CPU.ActiveCfg = Release|Any CPU
		{C5C70CA9-E3BC-425B-961F-102B8C7B51F8}.Release|Any CPU.Build.0 = Release|Any CPU
	EndGlobalSection
	GlobalSection(SolutionProperties) = preSolution
		HideSolutionNode = FALSE
	EndGlobalSection
	GlobalSection(NestedProjects) = preSolution
		{C3AC6D1E-99D0-44DD-A6EB-811CEE5ADCD1} = {DA54DA4D-B597-4C5E-84EA-BCF05A851C06}
		{C5C70CA9-E3BC-425B-961F-102B8C7B51F8} = {DA54DA4D-B597-4C5E-84EA-BCF05A851C06}
	EndGlobalSection
	GlobalSection(ExtensibilityGlobals) = postSolution
		SolutionGuid = {A7BA718A-544D-46D4-9FF8-B4A0AD7054EE}
	EndGlobalSection
EndGlobal
